// !$*UTF8*$!
{
	archiveVersion = 1;
	classes = {
	};
	objectVersion = 46;
	objects = {

/* Begin PBXBuildFile section */
		2D229ED51BF50A5000D8A307 /* APIRequestManager.m in Sources */ = {isa = PBXBuildFile; fileRef = 2D229ED41BF50A5000D8A307 /* APIRequestManager.m */; };
		2D4322BA1BE8BEC200E9B2EE /* MyInfoVC.m in Sources */ = {isa = PBXBuildFile; fileRef = 2D4322B91BE8BEC200E9B2EE /* MyInfoVC.m */; };
		2D4322BD1BE8FD7D00E9B2EE /* Main.storyboard in Resources */ = {isa = PBXBuildFile; fileRef = 2D4322BB1BE8FD7D00E9B2EE /* Main.storyboard */; };
		2D45856A1C050AC600BBC0DB /* DialogsListVC.m in Sources */ = {isa = PBXBuildFile; fileRef = 2D4585691C050AC600BBC0DB /* DialogsListVC.m */; };
		2D45856E1C0514A500BBC0DB /* Dialogs.m in Sources */ = {isa = PBXBuildFile; fileRef = 2D45856D1C0514A500BBC0DB /* Dialogs.m */; };
		2D45CE311BECEEED006B9021 /* testImage.jpg in Resources */ = {isa = PBXBuildFile; fileRef = 2D45CE301BECEEED006B9021 /* testImage.jpg */; };
		2D6C82C01BEBD52000304EFA /* noUser.jpg in Resources */ = {isa = PBXBuildFile; fileRef = 2D6C82BF1BEBD52000304EFA /* noUser.jpg */; };
		2D6C82C41BEBEBC000304EFA /* FamilyStatusPicker.m in Sources */ = {isa = PBXBuildFile; fileRef = 2D6C82C31BEBEBC000304EFA /* FamilyStatusPicker.m */; };
		2D6C82C61BEBEBD900304EFA /* FamilyStatusPicker.xib in Resources */ = {isa = PBXBuildFile; fileRef = 2D6C82C51BEBEBD900304EFA /* FamilyStatusPicker.xib */; };
		2D7CF0891BF68E4300C48015 /* AuthorizeManager.m in Sources */ = {isa = PBXBuildFile; fileRef = 2D7CF0881BF68E4300C48015 /* AuthorizeManager.m */; };
		2D7CF08D1BF6967A00C48015 /* NSObject+Extension.m in Sources */ = {isa = PBXBuildFile; fileRef = 2D7CF08C1BF6967A00C48015 /* NSObject+Extension.m */; };
		2D8426D91C05ABFF00AD5E98 /* SendMessageForm.xib in Resources */ = {isa = PBXBuildFile; fileRef = 2D8426D81C05ABFF00AD5E98 /* SendMessageForm.xib */; };
		2D8426DC1C05B0ED00AD5E98 /* SendMessageForm.m in Sources */ = {isa = PBXBuildFile; fileRef = 2D8426DB1C05B0ED00AD5E98 /* SendMessageForm.m */; };
		2D98D1D81BFBC05F00B8F207 /* UserProfileVC.m in Sources */ = {isa = PBXBuildFile; fileRef = 2D98D1D71BFBC05E00B8F207 /* UserProfileVC.m */; };
		2DA3AD5F1C07204F00FEDA2B /* DialogCell.m in Sources */ = {isa = PBXBuildFile; fileRef = 2DA3AD5E1C07204F00FEDA2B /* DialogCell.m */; };
		2DB5D8CF1BF9F0A9008BD41E /* AllFoundedUsers.m in Sources */ = {isa = PBXBuildFile; fileRef = 2DB5D8CE1BF9F0A9008BD41E /* AllFoundedUsers.m */; };
		2DB5D8D41BFA01D1008BD41E /* SearchFriendCell.m in Sources */ = {isa = PBXBuildFile; fileRef = 2DB5D8D31BFA01D1008BD41E /* SearchFriendCell.m */; };
		2DB7049F1C07A46600054B8D /* Messages.m in Sources */ = {isa = PBXBuildFile; fileRef = 2DB7049E1C07A46600054B8D /* Messages.m */; };
		2DB72FC31BEA93810014B34F /* AlertFactory.m in Sources */ = {isa = PBXBuildFile; fileRef = 2DB72FC21BEA93810014B34F /* AlertFactory.m */; };
		2DB72FC71BEAB4F20014B34F /* MyProfileEditVC.m in Sources */ = {isa = PBXBuildFile; fileRef = 2DB72FC61BEAB4F20014B34F /* MyProfileEditVC.m */; };
		2DC114D91BE42C3B00EC5854 /* ChatValidator.m in Sources */ = {isa = PBXBuildFile; fileRef = 2DC114D81BE42C3B00EC5854 /* ChatValidator.m */; };
		2DC1468A1BEB7015002188F7 /* UIImage+Placeholder.m in Sources */ = {isa = PBXBuildFile; fileRef = 2DC146891BEB7015002188F7 /* UIImage+Placeholder.m */; };
		2DCA1DD21BE7DE3000E74877 /* HTTPManager.m in Sources */ = {isa = PBXBuildFile; fileRef = 2DCA1DD11BE7DE3000E74877 /* HTTPManager.m */; };
		2DEC77191BCA62CE00C5F8E6 /* main.m in Sources */ = {isa = PBXBuildFile; fileRef = 2DEC77181BCA62CE00C5F8E6 /* main.m */; };
		2DEC771C1BCA62CE00C5F8E6 /* AppDelegate.m in Sources */ = {isa = PBXBuildFile; fileRef = 2DEC771B1BCA62CE00C5F8E6 /* AppDelegate.m */; };
		2DEC771F1BCA62CE00C5F8E6 /* DialogVC.m in Sources */ = {isa = PBXBuildFile; fileRef = 2DEC771E1BCA62CE00C5F8E6 /* DialogVC.m */; };
		2DEC77241BCA62CE00C5F8E6 /* Assets.xcassets in Resources */ = {isa = PBXBuildFile; fileRef = 2DEC77231BCA62CE00C5F8E6 /* Assets.xcassets */; };
		2DEC77271BCA62CE00C5F8E6 /* LaunchScreen.storyboard in Resources */ = {isa = PBXBuildFile; fileRef = 2DEC77251BCA62CE00C5F8E6 /* LaunchScreen.storyboard */; };
		2DEC77321BCA62CE00C5F8E6 /* ChatTests.m in Sources */ = {isa = PBXBuildFile; fileRef = 2DEC77311BCA62CE00C5F8E6 /* ChatTests.m */; };
		2DEC773D1BCA62CE00C5F8E6 /* ChatUITests.m in Sources */ = {isa = PBXBuildFile; fileRef = 2DEC773C1BCA62CE00C5F8E6 /* ChatUITests.m */; };
		2DF667AE1BFCDA9200A90451 /* UserProfile.m in Sources */ = {isa = PBXBuildFile; fileRef = 2DF667AD1BFCDA9200A90451 /* UserProfile.m */; };
		2DF667B31BFCFFE200A90451 /* Friends.m in Sources */ = {isa = PBXBuildFile; fileRef = 2DF667B21BFCFFE200A90451 /* Friends.m */; };
		2DF667BC1BFD0A5700A90451 /* UserCell.m in Sources */ = {isa = PBXBuildFile; fileRef = 2DF667BB1BFD0A5700A90451 /* UserCell.m */; };
		C2E61DB4C2BC5FE3B5355E1F /* libPods-Chat.a in Frameworks */ = {isa = PBXBuildFile; fileRef = BF417B3C194F775D34C8C98F /* libPods-Chat.a */; };
		FC19E3081C007968001B3351 /* UserFriendListVC.m in Sources */ = {isa = PBXBuildFile; fileRef = FC19E3071C007968001B3351 /* UserFriendListVC.m */; };
		FC19E30C1C00A018001B3351 /* UIButton+indexPath.m in Sources */ = {isa = PBXBuildFile; fileRef = FC19E30B1C00A018001B3351 /* UIButton+indexPath.m */; };
		FC57E4F81BF7609B00F77A72 /* User.m in Sources */ = {isa = PBXBuildFile; fileRef = FC57E4F71BF7609B00F77A72 /* User.m */; };
		FCA1E0D81BE4AB5C00D6F934 /* RegistrationVC.m in Sources */ = {isa = PBXBuildFile; fileRef = FCA1E0D71BE4AB5C00D6F934 /* RegistrationVC.m */; };
		FCB02F861C0994BC006AB707 /* SocketManager.m in Sources */ = {isa = PBXBuildFile; fileRef = FCB02F851C0994BC006AB707 /* SocketManager.m */; };
		FCB53C251BDB5F3A0035B38B /* ChatCell.m in Sources */ = {isa = PBXBuildFile; fileRef = FCB53C241BDB5F3A0035B38B /* ChatCell.m */; };
		FCB53C291BDB6A0D0035B38B /* MessageObject.m in Sources */ = {isa = PBXBuildFile; fileRef = FCB53C281BDB6A0D0035B38B /* MessageObject.m */; };
		FCB53C2C1BDBA86B0035B38B /* ChatDatePicker.xib in Resources */ = {isa = PBXBuildFile; fileRef = FCB53C2B1BDBA86B0035B38B /* ChatDatePicker.xib */; };
		FCB9EB841BF757CB0025920A /* MainNavigation.m in Sources */ = {isa = PBXBuildFile; fileRef = FCB9EB831BF757CB0025920A /* MainNavigation.m */; };
		FCBE68751BEDE09F00AAA0D6 /* MenuVC.m in Sources */ = {isa = PBXBuildFile; fileRef = FCBE68741BEDE09F00AAA0D6 /* MenuVC.m */; };
		FCBE68821BEE117100AAA0D6 /* LeftMenuVC.m in Sources */ = {isa = PBXBuildFile; fileRef = FCBE68811BEE117100AAA0D6 /* LeftMenuVC.m */; };
		FCBE68861BEE169D00AAA0D6 /* FriendsVC.m in Sources */ = {isa = PBXBuildFile; fileRef = FCBE68851BEE169D00AAA0D6 /* FriendsVC.m */; };
		FCECFA901BE4B1E000B7B714 /* MainVC.m in Sources */ = {isa = PBXBuildFile; fileRef = FCECFA8F1BE4B1E000B7B714 /* MainVC.m */; };
		FCECFA941BE4B82800B7B714 /* ChatDatePicker.m in Sources */ = {isa = PBXBuildFile; fileRef = FCECFA931BE4B82800B7B714 /* ChatDatePicker.m */; };
/* End PBXBuildFile section */

/* Begin PBXContainerItemProxy section */
		2DEC772E1BCA62CE00C5F8E6 /* PBXContainerItemProxy */ = {
			isa = PBXContainerItemProxy;
			containerPortal = 2DEC770C1BCA62CE00C5F8E6 /* Project object */;
			proxyType = 1;
			remoteGlobalIDString = 2DEC77131BCA62CE00C5F8E6;
			remoteInfo = Chat;
		};
		2DEC77391BCA62CE00C5F8E6 /* PBXContainerItemProxy */ = {
			isa = PBXContainerItemProxy;
			containerPortal = 2DEC770C1BCA62CE00C5F8E6 /* Project object */;
			proxyType = 1;
			remoteGlobalIDString = 2DEC77131BCA62CE00C5F8E6;
			remoteInfo = Chat;
		};
/* End PBXContainerItemProxy section */

/* Begin PBXFileReference section */
		2D229ED31BF50A5000D8A307 /* APIRequestManager.h */ = {isa = PBXFileReference; fileEncoding = 4; lastKnownFileType = sourcecode.c.h; name = APIRequestManager.h; path = ChatLoader/APIRequestManager/APIRequestManager.h; sourceTree = "<group>"; };
		2D229ED41BF50A5000D8A307 /* APIRequestManager.m */ = {isa = PBXFileReference; fileEncoding = 4; lastKnownFileType = sourcecode.c.objc; name = APIRequestManager.m; path = ChatLoader/APIRequestManager/APIRequestManager.m; sourceTree = "<group>"; };
		2D4322B81BE8BEC200E9B2EE /* MyInfoVC.h */ = {isa = PBXFileReference; fileEncoding = 4; lastKnownFileType = sourcecode.c.h; name = MyInfoVC.h; path = View/UserInfoVC/MyInfoVC.h; sourceTree = "<group>"; };
		2D4322B91BE8BEC200E9B2EE /* MyInfoVC.m */ = {isa = PBXFileReference; fileEncoding = 4; lastKnownFileType = sourcecode.c.objc; name = MyInfoVC.m; path = View/UserInfoVC/MyInfoVC.m; sourceTree = "<group>"; };
		2D4322BC1BE8FD7D00E9B2EE /* Base */ = {isa = PBXFileReference; lastKnownFileType = file.storyboard; name = Base; path = Base.lproj/Main.storyboard; sourceTree = "<group>"; };
		2D4585681C050AC600BBC0DB /* DialogsListVC.h */ = {isa = PBXFileReference; fileEncoding = 4; lastKnownFileType = sourcecode.c.h; name = DialogsListVC.h; path = Chat/View/DialogsListVC/DialogsListVC.h; sourceTree = "<group>"; };
		2D4585691C050AC600BBC0DB /* DialogsListVC.m */ = {isa = PBXFileReference; fileEncoding = 4; lastKnownFileType = sourcecode.c.objc; name = DialogsListVC.m; path = Chat/View/DialogsListVC/DialogsListVC.m; sourceTree = "<group>"; };
		2D45856C1C0514A500BBC0DB /* Dialogs.h */ = {isa = PBXFileReference; fileEncoding = 4; lastKnownFileType = sourcecode.c.h; name = Dialogs.h; path = Model/Dialogs/Dialogs.h; sourceTree = "<group>"; };
		2D45856D1C0514A500BBC0DB /* Dialogs.m */ = {isa = PBXFileReference; fileEncoding = 4; lastKnownFileType = sourcecode.c.objc; name = Dialogs.m; path = Model/Dialogs/Dialogs.m; sourceTree = "<group>"; };
		2D45CE301BECEEED006B9021 /* testImage.jpg */ = {isa = PBXFileReference; lastKnownFileType = image.jpeg; path = testImage.jpg; sourceTree = "<group>"; };
		2D6C82BF1BEBD52000304EFA /* noUser.jpg */ = {isa = PBXFileReference; lastKnownFileType = image.jpeg; path = noUser.jpg; sourceTree = "<group>"; };
		2D6C82C21BEBEBC000304EFA /* FamilyStatusPicker.h */ = {isa = PBXFileReference; fileEncoding = 4; lastKnownFileType = sourcecode.c.h; name = FamilyStatusPicker.h; path = Chat/FamilyStatusPicker/FamilyStatusPicker.h; sourceTree = "<group>"; };
		2D6C82C31BEBEBC000304EFA /* FamilyStatusPicker.m */ = {isa = PBXFileReference; fileEncoding = 4; lastKnownFileType = sourcecode.c.objc; name = FamilyStatusPicker.m; path = Chat/FamilyStatusPicker/FamilyStatusPicker.m; sourceTree = "<group>"; };
		2D6C82C51BEBEBD900304EFA /* FamilyStatusPicker.xib */ = {isa = PBXFileReference; fileEncoding = 4; lastKnownFileType = file.xib; path = FamilyStatusPicker.xib; sourceTree = "<group>"; };
		2D7CF0871BF68E4300C48015 /* AuthorizeManager.h */ = {isa = PBXFileReference; fileEncoding = 4; lastKnownFileType = sourcecode.c.h; path = AuthorizeManager.h; sourceTree = "<group>"; };
		2D7CF0881BF68E4300C48015 /* AuthorizeManager.m */ = {isa = PBXFileReference; fileEncoding = 4; lastKnownFileType = sourcecode.c.objc; path = AuthorizeManager.m; sourceTree = "<group>"; };
		2D7CF08B1BF6967A00C48015 /* NSObject+Extension.h */ = {isa = PBXFileReference; fileEncoding = 4; lastKnownFileType = sourcecode.c.h; name = "NSObject+Extension.h"; path = "NSObject+Extension/NSObject+Extension.h"; sourceTree = "<group>"; };
		2D7CF08C1BF6967A00C48015 /* NSObject+Extension.m */ = {isa = PBXFileReference; fileEncoding = 4; lastKnownFileType = sourcecode.c.objc; name = "NSObject+Extension.m"; path = "NSObject+Extension/NSObject+Extension.m"; sourceTree = "<group>"; };
		2D8426D81C05ABFF00AD5E98 /* SendMessageForm.xib */ = {isa = PBXFileReference; fileEncoding = 4; lastKnownFileType = file.xib; name = SendMessageForm.xib; path = Chat/View/SendMessageForm/SendMessageForm.xib; sourceTree = "<group>"; };
		2D8426DA1C05B0ED00AD5E98 /* SendMessageForm.h */ = {isa = PBXFileReference; fileEncoding = 4; lastKnownFileType = sourcecode.c.h; name = SendMessageForm.h; path = Chat/View/SendMessageForm/SendMessageForm.h; sourceTree = "<group>"; };
		2D8426DB1C05B0ED00AD5E98 /* SendMessageForm.m */ = {isa = PBXFileReference; fileEncoding = 4; lastKnownFileType = sourcecode.c.objc; name = SendMessageForm.m; path = Chat/View/SendMessageForm/SendMessageForm.m; sourceTree = "<group>"; };
		2D98D1D61BFBC05E00B8F207 /* UserProfileVC.h */ = {isa = PBXFileReference; fileEncoding = 4; lastKnownFileType = sourcecode.c.h; name = UserProfileVC.h; path = UserProfileVC/UserProfileVC.h; sourceTree = "<group>"; };
		2D98D1D71BFBC05E00B8F207 /* UserProfileVC.m */ = {isa = PBXFileReference; fileEncoding = 4; lastKnownFileType = sourcecode.c.objc; name = UserProfileVC.m; path = UserProfileVC/UserProfileVC.m; sourceTree = "<group>"; };
		2DA3AD5D1C07204F00FEDA2B /* DialogCell.h */ = {isa = PBXFileReference; fileEncoding = 4; lastKnownFileType = sourcecode.c.h; name = DialogCell.h; path = Chat/View/Cell/DialogCell/DialogCell.h; sourceTree = "<group>"; };
		2DA3AD5E1C07204F00FEDA2B /* DialogCell.m */ = {isa = PBXFileReference; fileEncoding = 4; lastKnownFileType = sourcecode.c.objc; name = DialogCell.m; path = Chat/View/Cell/DialogCell/DialogCell.m; sourceTree = "<group>"; };
		2DB5D8CD1BF9F0A9008BD41E /* AllFoundedUsers.h */ = {isa = PBXFileReference; fileEncoding = 4; lastKnownFileType = sourcecode.c.h; name = AllFoundedUsers.h; path = Model/FoundedUser/AllFoundedUsers.h; sourceTree = "<group>"; };
		2DB5D8CE1BF9F0A9008BD41E /* AllFoundedUsers.m */ = {isa = PBXFileReference; fileEncoding = 4; lastKnownFileType = sourcecode.c.objc; name = AllFoundedUsers.m; path = Model/FoundedUser/AllFoundedUsers.m; sourceTree = "<group>"; };
		2DB5D8D21BFA01D1008BD41E /* SearchFriendCell.h */ = {isa = PBXFileReference; fileEncoding = 4; lastKnownFileType = sourcecode.c.h; name = SearchFriendCell.h; path = Chat/View/Cell/SearchFriendCell/SearchFriendCell.h; sourceTree = "<group>"; };
		2DB5D8D31BFA01D1008BD41E /* SearchFriendCell.m */ = {isa = PBXFileReference; fileEncoding = 4; lastKnownFileType = sourcecode.c.objc; name = SearchFriendCell.m; path = Chat/View/Cell/SearchFriendCell/SearchFriendCell.m; sourceTree = "<group>"; };
		2DB7049D1C07A46600054B8D /* Messages.h */ = {isa = PBXFileReference; fileEncoding = 4; lastKnownFileType = sourcecode.c.h; name = Messages.h; path = Model/Messages/Messages.h; sourceTree = "<group>"; };
		2DB7049E1C07A46600054B8D /* Messages.m */ = {isa = PBXFileReference; fileEncoding = 4; lastKnownFileType = sourcecode.c.objc; name = Messages.m; path = Model/Messages/Messages.m; sourceTree = "<group>"; };
		2DB72FC11BEA93810014B34F /* AlertFactory.h */ = {isa = PBXFileReference; fileEncoding = 4; lastKnownFileType = sourcecode.c.h; name = AlertFactory.h; path = AlertFactory/AlertFactory.h; sourceTree = "<group>"; };
		2DB72FC21BEA93810014B34F /* AlertFactory.m */ = {isa = PBXFileReference; fileEncoding = 4; lastKnownFileType = sourcecode.c.objc; name = AlertFactory.m; path = AlertFactory/AlertFactory.m; sourceTree = "<group>"; };
		2DB72FC51BEAB4F20014B34F /* MyProfileEditVC.h */ = {isa = PBXFileReference; fileEncoding = 4; lastKnownFileType = sourcecode.c.h; name = MyProfileEditVC.h; path = Chat/UserProfileEditVC/MyProfileEditVC.h; sourceTree = "<group>"; };
		2DB72FC61BEAB4F20014B34F /* MyProfileEditVC.m */ = {isa = PBXFileReference; fileEncoding = 4; lastKnownFileType = sourcecode.c.objc; name = MyProfileEditVC.m; path = Chat/UserProfileEditVC/MyProfileEditVC.m; sourceTree = "<group>"; };
		2DC114D71BE42C3B00EC5854 /* ChatValidator.h */ = {isa = PBXFileReference; fileEncoding = 4; lastKnownFileType = sourcecode.c.h; name = ChatValidator.h; path = Validator/ChatValidator.h; sourceTree = "<group>"; };
		2DC114D81BE42C3B00EC5854 /* ChatValidator.m */ = {isa = PBXFileReference; fileEncoding = 4; lastKnownFileType = sourcecode.c.objc; name = ChatValidator.m; path = Validator/ChatValidator.m; sourceTree = "<group>"; };
		2DC146881BEB7015002188F7 /* UIImage+Placeholder.h */ = {isa = PBXFileReference; fileEncoding = 4; lastKnownFileType = sourcecode.c.h; name = "UIImage+Placeholder.h"; path = "Category/UIImage+Placeholder/UIImage+Placeholder.h"; sourceTree = "<group>"; };
		2DC146891BEB7015002188F7 /* UIImage+Placeholder.m */ = {isa = PBXFileReference; fileEncoding = 4; lastKnownFileType = sourcecode.c.objc; name = "UIImage+Placeholder.m"; path = "Category/UIImage+Placeholder/UIImage+Placeholder.m"; sourceTree = "<group>"; };
		2DCA1DCE1BE7DCA300E74877 /* PrefixHeader.pch */ = {isa = PBXFileReference; fileEncoding = 4; lastKnownFileType = sourcecode.c.h; path = PrefixHeader.pch; sourceTree = "<group>"; };
		2DCA1DCF1BE7DD0D00E74877 /* ConstantsOfAPI.h */ = {isa = PBXFileReference; fileEncoding = 4; lastKnownFileType = sourcecode.c.h; path = ConstantsOfAPI.h; sourceTree = "<group>"; };
		2DCA1DD01BE7DE3000E74877 /* HTTPManager.h */ = {isa = PBXFileReference; fileEncoding = 4; lastKnownFileType = sourcecode.c.h; name = HTTPManager.h; path = ChatLoader/ChatAPI/HTTPManager.h; sourceTree = "<group>"; };
		2DCA1DD11BE7DE3000E74877 /* HTTPManager.m */ = {isa = PBXFileReference; fileEncoding = 4; lastKnownFileType = sourcecode.c.objc; name = HTTPManager.m; path = ChatLoader/ChatAPI/HTTPManager.m; sourceTree = "<group>"; };
		2DEC77141BCA62CE00C5F8E6 /* Chat.app */ = {isa = PBXFileReference; explicitFileType = wrapper.application; includeInIndex = 0; path = Chat.app; sourceTree = BUILT_PRODUCTS_DIR; };
		2DEC77181BCA62CE00C5F8E6 /* main.m */ = {isa = PBXFileReference; lastKnownFileType = sourcecode.c.objc; path = main.m; sourceTree = "<group>"; };
		2DEC771A1BCA62CE00C5F8E6 /* AppDelegate.h */ = {isa = PBXFileReference; lastKnownFileType = sourcecode.c.h; path = AppDelegate.h; sourceTree = "<group>"; };
		2DEC771B1BCA62CE00C5F8E6 /* AppDelegate.m */ = {isa = PBXFileReference; lastKnownFileType = sourcecode.c.objc; path = AppDelegate.m; sourceTree = "<group>"; };
		2DEC771D1BCA62CE00C5F8E6 /* DialogVC.h */ = {isa = PBXFileReference; lastKnownFileType = sourcecode.c.h; path = DialogVC.h; sourceTree = "<group>"; };
		2DEC771E1BCA62CE00C5F8E6 /* DialogVC.m */ = {isa = PBXFileReference; lastKnownFileType = sourcecode.c.objc; path = DialogVC.m; sourceTree = "<group>"; };
		2DEC77231BCA62CE00C5F8E6 /* Assets.xcassets */ = {isa = PBXFileReference; lastKnownFileType = folder.assetcatalog; path = Assets.xcassets; sourceTree = "<group>"; };
		2DEC77261BCA62CE00C5F8E6 /* Base */ = {isa = PBXFileReference; lastKnownFileType = file.storyboard; name = Base; path = Base.lproj/LaunchScreen.storyboard; sourceTree = "<group>"; };
		2DEC77281BCA62CE00C5F8E6 /* Info.plist */ = {isa = PBXFileReference; lastKnownFileType = text.plist.xml; path = Info.plist; sourceTree = "<group>"; };
		2DEC772D1BCA62CE00C5F8E6 /* ChatTests.xctest */ = {isa = PBXFileReference; explicitFileType = wrapper.cfbundle; includeInIndex = 0; path = ChatTests.xctest; sourceTree = BUILT_PRODUCTS_DIR; };
		2DEC77311BCA62CE00C5F8E6 /* ChatTests.m */ = {isa = PBXFileReference; lastKnownFileType = sourcecode.c.objc; path = ChatTests.m; sourceTree = "<group>"; };
		2DEC77331BCA62CE00C5F8E6 /* Info.plist */ = {isa = PBXFileReference; lastKnownFileType = text.plist.xml; path = Info.plist; sourceTree = "<group>"; };
		2DEC77381BCA62CE00C5F8E6 /* ChatUITests.xctest */ = {isa = PBXFileReference; explicitFileType = wrapper.cfbundle; includeInIndex = 0; path = ChatUITests.xctest; sourceTree = BUILT_PRODUCTS_DIR; };
		2DEC773C1BCA62CE00C5F8E6 /* ChatUITests.m */ = {isa = PBXFileReference; lastKnownFileType = sourcecode.c.objc; path = ChatUITests.m; sourceTree = "<group>"; };
		2DEC773E1BCA62CE00C5F8E6 /* Info.plist */ = {isa = PBXFileReference; lastKnownFileType = text.plist.xml; path = Info.plist; sourceTree = "<group>"; };
		2DF667AC1BFCDA9200A90451 /* UserProfile.h */ = {isa = PBXFileReference; fileEncoding = 4; lastKnownFileType = sourcecode.c.h; name = UserProfile.h; path = Model/UserProfile/UserProfile.h; sourceTree = "<group>"; };
		2DF667AD1BFCDA9200A90451 /* UserProfile.m */ = {isa = PBXFileReference; fileEncoding = 4; lastKnownFileType = sourcecode.c.objc; name = UserProfile.m; path = Model/UserProfile/UserProfile.m; sourceTree = "<group>"; };
		2DF667B11BFCFFE200A90451 /* Friends.h */ = {isa = PBXFileReference; fileEncoding = 4; lastKnownFileType = sourcecode.c.h; name = Friends.h; path = Model/UserFriendList/Friends.h; sourceTree = "<group>"; };
		2DF667B21BFCFFE200A90451 /* Friends.m */ = {isa = PBXFileReference; fileEncoding = 4; lastKnownFileType = sourcecode.c.objc; name = Friends.m; path = Model/UserFriendList/Friends.m; sourceTree = "<group>"; };
		2DF667BA1BFD0A5700A90451 /* UserCell.h */ = {isa = PBXFileReference; fileEncoding = 4; lastKnownFileType = sourcecode.c.h; name = UserCell.h; path = UserCell/UserCell.h; sourceTree = "<group>"; };
		2DF667BB1BFD0A5700A90451 /* UserCell.m */ = {isa = PBXFileReference; fileEncoding = 4; lastKnownFileType = sourcecode.c.objc; name = UserCell.m; path = UserCell/UserCell.m; sourceTree = "<group>"; };
		BF417B3C194F775D34C8C98F /* libPods-Chat.a */ = {isa = PBXFileReference; explicitFileType = archive.ar; includeInIndex = 0; path = "libPods-Chat.a"; sourceTree = BUILT_PRODUCTS_DIR; };
		D33CFF9CF90FC6430B7B5534 /* Pods-Chat.debug.xcconfig */ = {isa = PBXFileReference; includeInIndex = 1; lastKnownFileType = text.xcconfig; name = "Pods-Chat.debug.xcconfig"; path = "Pods/Target Support Files/Pods-Chat/Pods-Chat.debug.xcconfig"; sourceTree = "<group>"; };
		E4CD1A893F317BF244129C76 /* Pods-Chat.release.xcconfig */ = {isa = PBXFileReference; includeInIndex = 1; lastKnownFileType = text.xcconfig; name = "Pods-Chat.release.xcconfig"; path = "Pods/Target Support Files/Pods-Chat/Pods-Chat.release.xcconfig"; sourceTree = "<group>"; };
		FC19E3061C007968001B3351 /* UserFriendListVC.h */ = {isa = PBXFileReference; fileEncoding = 4; lastKnownFileType = sourcecode.c.h; path = UserFriendListVC.h; sourceTree = "<group>"; };
		FC19E3071C007968001B3351 /* UserFriendListVC.m */ = {isa = PBXFileReference; fileEncoding = 4; lastKnownFileType = sourcecode.c.objc; path = UserFriendListVC.m; sourceTree = "<group>"; };
		FC19E30A1C00A018001B3351 /* UIButton+indexPath.h */ = {isa = PBXFileReference; fileEncoding = 4; lastKnownFileType = sourcecode.c.h; name = "UIButton+indexPath.h"; path = "Category/UIButton+indexPath/UIButton+indexPath.h"; sourceTree = "<group>"; };
		FC19E30B1C00A018001B3351 /* UIButton+indexPath.m */ = {isa = PBXFileReference; fileEncoding = 4; lastKnownFileType = sourcecode.c.objc; name = "UIButton+indexPath.m"; path = "Category/UIButton+indexPath/UIButton+indexPath.m"; sourceTree = "<group>"; };
		FC57E4F61BF7609B00F77A72 /* User.h */ = {isa = PBXFileReference; fileEncoding = 4; lastKnownFileType = sourcecode.c.h; name = User.h; path = Model/FoundedUser/User.h; sourceTree = "<group>"; };
		FC57E4F71BF7609B00F77A72 /* User.m */ = {isa = PBXFileReference; fileEncoding = 4; lastKnownFileType = sourcecode.c.objc; name = User.m; path = Model/FoundedUser/User.m; sourceTree = "<group>"; };
		FCA1E0D61BE4AB5C00D6F934 /* RegistrationVC.h */ = {isa = PBXFileReference; fileEncoding = 4; lastKnownFileType = sourcecode.c.h; name = RegistrationVC.h; path = Chat/View/RegistrationVC/RegistrationVC.h; sourceTree = "<group>"; };
		FCA1E0D71BE4AB5C00D6F934 /* RegistrationVC.m */ = {isa = PBXFileReference; fileEncoding = 4; lastKnownFileType = sourcecode.c.objc; name = RegistrationVC.m; path = Chat/View/RegistrationVC/RegistrationVC.m; sourceTree = "<group>"; };
		FCB02F841C0994BC006AB707 /* SocketManager.h */ = {isa = PBXFileReference; fileEncoding = 4; lastKnownFileType = sourcecode.c.h; name = SocketManager.h; path = SocketManager/SocketManager.h; sourceTree = "<group>"; };
		FCB02F851C0994BC006AB707 /* SocketManager.m */ = {isa = PBXFileReference; fileEncoding = 4; lastKnownFileType = sourcecode.c.objc; name = SocketManager.m; path = SocketManager/SocketManager.m; sourceTree = "<group>"; };
		FCB53C231BDB5F3A0035B38B /* ChatCell.h */ = {isa = PBXFileReference; fileEncoding = 4; lastKnownFileType = sourcecode.c.h; path = ChatCell.h; sourceTree = "<group>"; };
		FCB53C241BDB5F3A0035B38B /* ChatCell.m */ = {isa = PBXFileReference; fileEncoding = 4; lastKnownFileType = sourcecode.c.objc; path = ChatCell.m; sourceTree = "<group>"; };
		FCB53C271BDB6A0D0035B38B /* MessageObject.h */ = {isa = PBXFileReference; fileEncoding = 4; lastKnownFileType = sourcecode.c.h; path = MessageObject.h; sourceTree = "<group>"; };
		FCB53C281BDB6A0D0035B38B /* MessageObject.m */ = {isa = PBXFileReference; fileEncoding = 4; lastKnownFileType = sourcecode.c.objc; path = MessageObject.m; sourceTree = "<group>"; };
		FCB53C2A1BDB70730035B38B /* Constants.h */ = {isa = PBXFileReference; lastKnownFileType = sourcecode.c.h; path = Constants.h; sourceTree = "<group>"; };
		FCB53C2B1BDBA86B0035B38B /* ChatDatePicker.xib */ = {isa = PBXFileReference; fileEncoding = 4; lastKnownFileType = file.xib; path = ChatDatePicker.xib; sourceTree = "<group>"; };
		FCB9EB821BF757CB0025920A /* MainNavigation.h */ = {isa = PBXFileReference; fileEncoding = 4; lastKnownFileType = sourcecode.c.h; name = MainNavigation.h; path = Chat/View/MainNavigation/MainNavigation.h; sourceTree = "<group>"; };
		FCB9EB831BF757CB0025920A /* MainNavigation.m */ = {isa = PBXFileReference; fileEncoding = 4; lastKnownFileType = sourcecode.c.objc; name = MainNavigation.m; path = Chat/View/MainNavigation/MainNavigation.m; sourceTree = "<group>"; };
		FCBE68731BEDE09F00AAA0D6 /* MenuVC.h */ = {isa = PBXFileReference; fileEncoding = 4; lastKnownFileType = sourcecode.c.h; name = MenuVC.h; path = Chat/View/MenuVC/MenuVC.h; sourceTree = "<group>"; };
		FCBE68741BEDE09F00AAA0D6 /* MenuVC.m */ = {isa = PBXFileReference; fileEncoding = 4; lastKnownFileType = sourcecode.c.objc; name = MenuVC.m; path = Chat/View/MenuVC/MenuVC.m; sourceTree = "<group>"; };
		FCBE68801BEE117100AAA0D6 /* LeftMenuVC.h */ = {isa = PBXFileReference; fileEncoding = 4; lastKnownFileType = sourcecode.c.h; name = LeftMenuVC.h; path = Chat/View/LeftMenuVC/LeftMenuVC.h; sourceTree = "<group>"; };
		FCBE68811BEE117100AAA0D6 /* LeftMenuVC.m */ = {isa = PBXFileReference; fileEncoding = 4; lastKnownFileType = sourcecode.c.objc; name = LeftMenuVC.m; path = Chat/View/LeftMenuVC/LeftMenuVC.m; sourceTree = "<group>"; };
		FCBE68841BEE169D00AAA0D6 /* FriendsVC.h */ = {isa = PBXFileReference; fileEncoding = 4; lastKnownFileType = sourcecode.c.h; name = FriendsVC.h; path = Chat/View/FriendsVC/FriendsVC.h; sourceTree = "<group>"; };
		FCBE68851BEE169D00AAA0D6 /* FriendsVC.m */ = {isa = PBXFileReference; fileEncoding = 4; lastKnownFileType = sourcecode.c.objc; name = FriendsVC.m; path = Chat/View/FriendsVC/FriendsVC.m; sourceTree = "<group>"; };
		FCECFA8E1BE4B1E000B7B714 /* MainVC.h */ = {isa = PBXFileReference; fileEncoding = 4; lastKnownFileType = sourcecode.c.h; name = MainVC.h; path = View/MainVC/MainVC.h; sourceTree = "<group>"; };
		FCECFA8F1BE4B1E000B7B714 /* MainVC.m */ = {isa = PBXFileReference; fileEncoding = 4; lastKnownFileType = sourcecode.c.objc; name = MainVC.m; path = View/MainVC/MainVC.m; sourceTree = "<group>"; };
		FCECFA921BE4B82800B7B714 /* ChatDatePicker.h */ = {isa = PBXFileReference; fileEncoding = 4; lastKnownFileType = sourcecode.c.h; name = ChatDatePicker.h; path = Chat/View/RegistationDatePicker/ChatDatePicker.h; sourceTree = "<group>"; };
		FCECFA931BE4B82800B7B714 /* ChatDatePicker.m */ = {isa = PBXFileReference; fileEncoding = 4; lastKnownFileType = sourcecode.c.objc; name = ChatDatePicker.m; path = Chat/View/RegistationDatePicker/ChatDatePicker.m; sourceTree = "<group>"; };
/* End PBXFileReference section */

/* Begin PBXFrameworksBuildPhase section */
		2DEC77111BCA62CE00C5F8E6 /* Frameworks */ = {
			isa = PBXFrameworksBuildPhase;
			buildActionMask = 2147483647;
			files = (
				C2E61DB4C2BC5FE3B5355E1F /* libPods-Chat.a in Frameworks */,
			);
			runOnlyForDeploymentPostprocessing = 0;
		};
		2DEC772A1BCA62CE00C5F8E6 /* Frameworks */ = {
			isa = PBXFrameworksBuildPhase;
			buildActionMask = 2147483647;
			files = (
			);
			runOnlyForDeploymentPostprocessing = 0;
		};
		2DEC77351BCA62CE00C5F8E6 /* Frameworks */ = {
			isa = PBXFrameworksBuildPhase;
			buildActionMask = 2147483647;
			files = (
			);
			runOnlyForDeploymentPostprocessing = 0;
		};
/* End PBXFrameworksBuildPhase section */

/* Begin PBXGroup section */
		2D1B4CBB1BCAA69400B68666 /* Cells */ = {
			isa = PBXGroup;
			children = (
				FCB53C231BDB5F3A0035B38B /* ChatCell.h */,
				FCB53C241BDB5F3A0035B38B /* ChatCell.m */,
			);
			name = Cells;
			sourceTree = "<group>";
		};
		2D229ED21BF509AB00D8A307 /* APIRequestManager */ = {
			isa = PBXGroup;
			children = (
				2D229ED31BF50A5000D8A307 /* APIRequestManager.h */,
				2D229ED41BF50A5000D8A307 /* APIRequestManager.m */,
			);
			name = APIRequestManager;
			sourceTree = "<group>";
		};
		2D4322B71BE8BE7D00E9B2EE /* MyInfoVC */ = {
			isa = PBXGroup;
			children = (
				2D4322B81BE8BEC200E9B2EE /* MyInfoVC.h */,
				2D4322B91BE8BEC200E9B2EE /* MyInfoVC.m */,
			);
			name = MyInfoVC;
			sourceTree = "<group>";
		};
		2D4585671C050A4F00BBC0DB /* DialogsListVC */ = {
			isa = PBXGroup;
			children = (
				2D4585681C050AC600BBC0DB /* DialogsListVC.h */,
				2D4585691C050AC600BBC0DB /* DialogsListVC.m */,
			);
			name = DialogsListVC;
			path = ..;
			sourceTree = "<group>";
		};
		2D45856B1C05145600BBC0DB /* Dialogs */ = {
			isa = PBXGroup;
			children = (
				2D45856C1C0514A500BBC0DB /* Dialogs.h */,
				2D45856D1C0514A500BBC0DB /* Dialogs.m */,
			);
			name = Dialogs;
			sourceTree = "<group>";
		};
		2D6C82C11BEBEB7700304EFA /* FamilyStatusPicker */ = {
			isa = PBXGroup;
			children = (
				2D6C82C21BEBEBC000304EFA /* FamilyStatusPicker.h */,
				2D6C82C31BEBEBC000304EFA /* FamilyStatusPicker.m */,
				2D6C82C51BEBEBD900304EFA /* FamilyStatusPicker.xib */,
			);
			name = FamilyStatusPicker;
			sourceTree = "<group>";
		};
		2D7A94FF1BCA6CF0001BC204 /* ViewController */ = {
			isa = PBXGroup;
			children = (
				2D4585671C050A4F00BBC0DB /* DialogsListVC */,
				FC19E3051C007917001B3351 /* UserFriendListVC */,
				2D98D1D51BFBBFC500B8F207 /* UserProfileVC */,
				2DB72FC41BEA9E650014B34F /* MyProfileEditVC */,
				FCBE687E1BEE112400AAA0D6 /* LeftMenuVC */,
				FCBE68721BEDDFEA00AAA0D6 /* MenuVC */,
				FCBE68761BEDF1BB00AAA0D6 /* Navigation */,
				FCBE68831BEE161D00AAA0D6 /* FriendsVC */,
				2D4322B71BE8BE7D00E9B2EE /* MyInfoVC */,
				FCECFA8D1BE4B1C300B7B714 /* MainVC */,
				FCA1E0D41BE4AAFE00D6F934 /* RegistrationVC */,
				2D7A95001BCA6CFC001BC204 /* VC */,
			);
			name = ViewController;
			path = Chat;
			sourceTree = "<group>";
		};
		2D7A95001BCA6CFC001BC204 /* VC */ = {
			isa = PBXGroup;
			children = (
				2DEC771D1BCA62CE00C5F8E6 /* DialogVC.h */,
				2DEC771E1BCA62CE00C5F8E6 /* DialogVC.m */,
			);
			name = VC;
			sourceTree = "<group>";
		};
		2D7CF0851BF685AD00C48015 /* AuthorizeManager */ = {
			isa = PBXGroup;
			children = (
				2D7CF0871BF68E4300C48015 /* AuthorizeManager.h */,
				2D7CF0881BF68E4300C48015 /* AuthorizeManager.m */,
			);
			name = AuthorizeManager;
			sourceTree = "<group>";
		};
		2D7CF08A1BF6961200C48015 /* NSObject+Extension */ = {
			isa = PBXGroup;
			children = (
				2D7CF08B1BF6967A00C48015 /* NSObject+Extension.h */,
				2D7CF08C1BF6967A00C48015 /* NSObject+Extension.m */,
			);
			name = "NSObject+Extension";
			sourceTree = "<group>";
		};
		2D8426D71C05AB9000AD5E98 /* SendMessageForm */ = {
			isa = PBXGroup;
			children = (
				2D8426D81C05ABFF00AD5E98 /* SendMessageForm.xib */,
				2D8426DA1C05B0ED00AD5E98 /* SendMessageForm.h */,
				2D8426DB1C05B0ED00AD5E98 /* SendMessageForm.m */,
			);
			name = SendMessageForm;
			sourceTree = "<group>";
		};
		2D98D1D51BFBBFC500B8F207 /* UserProfileVC */ = {
			isa = PBXGroup;
			children = (
				2D98D1D61BFBC05E00B8F207 /* UserProfileVC.h */,
				2D98D1D71BFBC05E00B8F207 /* UserProfileVC.m */,
			);
			name = UserProfileVC;
			sourceTree = "<group>";
		};
		2DA3AD5C1C07200400FEDA2B /* DialogCell */ = {
			isa = PBXGroup;
			children = (
				2DA3AD5D1C07204F00FEDA2B /* DialogCell.h */,
				2DA3AD5E1C07204F00FEDA2B /* DialogCell.m */,
			);
			name = DialogCell;
			sourceTree = "<group>";
		};
		2DB5D8D01BFA016A008BD41E /* Cell */ = {
			isa = PBXGroup;
			children = (
				2DA3AD5C1C07200400FEDA2B /* DialogCell */,
				2DF667B91BFD09E600A90451 /* UserCell */,
				2DB5D8D11BFA0170008BD41E /* SearchFriendCell */,
			);
			name = Cell;
			sourceTree = "<group>";
		};
		2DB5D8D11BFA0170008BD41E /* SearchFriendCell */ = {
			isa = PBXGroup;
			children = (
				2DB5D8D21BFA01D1008BD41E /* SearchFriendCell.h */,
				2DB5D8D31BFA01D1008BD41E /* SearchFriendCell.m */,
			);
			name = SearchFriendCell;
			sourceTree = "<group>";
		};
		2DB7049B1C07A43500054B8D /* Messages */ = {
			isa = PBXGroup;
			children = (
				2DB7049D1C07A46600054B8D /* Messages.h */,
				2DB7049E1C07A46600054B8D /* Messages.m */,
			);
			name = Messages;
			sourceTree = "<group>";
		};
		2DB72FC01BEA93180014B34F /* AlertFactory */ = {
			isa = PBXGroup;
			children = (
				2DB72FC11BEA93810014B34F /* AlertFactory.h */,
				2DB72FC21BEA93810014B34F /* AlertFactory.m */,
			);
			name = AlertFactory;
			sourceTree = "<group>";
		};
		2DB72FC41BEA9E650014B34F /* MyProfileEditVC */ = {
			isa = PBXGroup;
			children = (
				2DB72FC51BEAB4F20014B34F /* MyProfileEditVC.h */,
				2DB72FC61BEAB4F20014B34F /* MyProfileEditVC.m */,
			);
			name = MyProfileEditVC;
			path = ..;
			sourceTree = "<group>";
		};
		2DC114D61BE42C1800EC5854 /* Validator */ = {
			isa = PBXGroup;
			children = (
				2DC114D71BE42C3B00EC5854 /* ChatValidator.h */,
				2DC114D81BE42C3B00EC5854 /* ChatValidator.m */,
			);
			name = Validator;
			sourceTree = "<group>";
		};
		2DC114DB1BE42E1100EC5854 /* View */ = {
			isa = PBXGroup;
			children = (
				2D8426D71C05AB9000AD5E98 /* SendMessageForm */,
				2DB5D8D01BFA016A008BD41E /* Cell */,
				2D6C82C11BEBEB7700304EFA /* FamilyStatusPicker */,
				FCECFA911BE4B7F000B7B714 /* ChatDatePicker */,
				2D7A94FF1BCA6CF0001BC204 /* ViewController */,
			);
			name = View;
			path = ..;
			sourceTree = "<group>";
		};
		2DC114DD1BE42F9000EC5854 /* ChatLoader */ = {
			isa = PBXGroup;
			children = (
				FCB02F831C0993FE006AB707 /* SocketManager */,
				2D7CF0851BF685AD00C48015 /* AuthorizeManager */,
				2D229ED21BF509AB00D8A307 /* APIRequestManager */,
				2DCA1DCC1BE7DC2C00E74877 /* HTTPManager */,
			);
			name = ChatLoader;
			sourceTree = "<group>";
		};
		2DC146861BEB6FC4002188F7 /* Category */ = {
			isa = PBXGroup;
			children = (
				FC19E3091C009F84001B3351 /* UIButton+indexPath */,
				2D7CF08A1BF6961200C48015 /* NSObject+Extension */,
				2DC146871BEB6FD1002188F7 /* UIImage+Placeholder */,
			);
			name = Category;
			sourceTree = "<group>";
		};
		2DC146871BEB6FD1002188F7 /* UIImage+Placeholder */ = {
			isa = PBXGroup;
			children = (
				2DC146881BEB7015002188F7 /* UIImage+Placeholder.h */,
				2DC146891BEB7015002188F7 /* UIImage+Placeholder.m */,
				2D6C82BF1BEBD52000304EFA /* noUser.jpg */,
				2D45CE301BECEEED006B9021 /* testImage.jpg */,
			);
			name = "UIImage+Placeholder";
			sourceTree = "<group>";
		};
		2DCA1DCC1BE7DC2C00E74877 /* HTTPManager */ = {
			isa = PBXGroup;
			children = (
				2DCA1DD01BE7DE3000E74877 /* HTTPManager.h */,
				2DCA1DD11BE7DE3000E74877 /* HTTPManager.m */,
			);
			name = HTTPManager;
			sourceTree = "<group>";
		};
		2DEC770B1BCA62CE00C5F8E6 = {
			isa = PBXGroup;
			children = (
				2DEC77161BCA62CE00C5F8E6 /* Chat */,
				2DEC77301BCA62CE00C5F8E6 /* ChatTests */,
				2DEC773B1BCA62CE00C5F8E6 /* ChatUITests */,
				2DEC77151BCA62CE00C5F8E6 /* Products */,
				E220DF910B7062A1E8B8CD88 /* Pods */,
				90D637ADB82E93AA5CD0AA48 /* Frameworks */,
			);
			sourceTree = "<group>";
		};
		2DEC77151BCA62CE00C5F8E6 /* Products */ = {
			isa = PBXGroup;
			children = (
				2DEC77141BCA62CE00C5F8E6 /* Chat.app */,
				2DEC772D1BCA62CE00C5F8E6 /* ChatTests.xctest */,
				2DEC77381BCA62CE00C5F8E6 /* ChatUITests.xctest */,
			);
			name = Products;
			sourceTree = "<group>";
		};
		2DEC77161BCA62CE00C5F8E6 /* Chat */ = {
			isa = PBXGroup;
			children = (
				FCA045F41BF746E200A9ECD0 /* Model */,
				2DC146861BEB6FC4002188F7 /* Category */,
				2DB72FC01BEA93180014B34F /* AlertFactory */,
				2DC114DD1BE42F9000EC5854 /* ChatLoader */,
				2DC114DB1BE42E1100EC5854 /* View */,
				2DC114D61BE42C1800EC5854 /* Validator */,
				FCB53C261BDB69DA0035B38B /* MessageObject */,
				2D1B4CBB1BCAA69400B68666 /* Cells */,
				2DEC771A1BCA62CE00C5F8E6 /* AppDelegate.h */,
				2DEC771B1BCA62CE00C5F8E6 /* AppDelegate.m */,
				2DEC77231BCA62CE00C5F8E6 /* Assets.xcassets */,
				2D4322BB1BE8FD7D00E9B2EE /* Main.storyboard */,
				2DEC77251BCA62CE00C5F8E6 /* LaunchScreen.storyboard */,
				2DEC77281BCA62CE00C5F8E6 /* Info.plist */,
				2DEC77171BCA62CE00C5F8E6 /* Supporting Files */,
			);
			path = Chat;
			sourceTree = "<group>";
		};
		2DEC77171BCA62CE00C5F8E6 /* Supporting Files */ = {
			isa = PBXGroup;
			children = (
				2DEC77181BCA62CE00C5F8E6 /* main.m */,
				FCB53C2A1BDB70730035B38B /* Constants.h */,
				2DCA1DCE1BE7DCA300E74877 /* PrefixHeader.pch */,
				2DCA1DCF1BE7DD0D00E74877 /* ConstantsOfAPI.h */,
			);
			name = "Supporting Files";
			sourceTree = "<group>";
		};
		2DEC77301BCA62CE00C5F8E6 /* ChatTests */ = {
			isa = PBXGroup;
			children = (
				2DEC77311BCA62CE00C5F8E6 /* ChatTests.m */,
				2DEC77331BCA62CE00C5F8E6 /* Info.plist */,
			);
			path = ChatTests;
			sourceTree = "<group>";
		};
		2DEC773B1BCA62CE00C5F8E6 /* ChatUITests */ = {
			isa = PBXGroup;
			children = (
				2DEC773C1BCA62CE00C5F8E6 /* ChatUITests.m */,
				2DEC773E1BCA62CE00C5F8E6 /* Info.plist */,
			);
			path = ChatUITests;
			sourceTree = "<group>";
		};
		2DF667AB1BFCDA5B00A90451 /* UserProfile */ = {
			isa = PBXGroup;
			children = (
				2DF667AC1BFCDA9200A90451 /* UserProfile.h */,
				2DF667AD1BFCDA9200A90451 /* UserProfile.m */,
			);
			name = UserProfile;
			sourceTree = "<group>";
		};
		2DF667AF1BFCFF9000A90451 /* Friends */ = {
			isa = PBXGroup;
			children = (
				2DF667B11BFCFFE200A90451 /* Friends.h */,
				2DF667B21BFCFFE200A90451 /* Friends.m */,
			);
			name = Friends;
			sourceTree = "<group>";
		};
		2DF667B41BFD01EE00A90451 /* User */ = {
			isa = PBXGroup;
			children = (
				FC57E4F61BF7609B00F77A72 /* User.h */,
				FC57E4F71BF7609B00F77A72 /* User.m */,
			);
			name = User;
			sourceTree = "<group>";
		};
		2DF667B91BFD09E600A90451 /* UserCell */ = {
			isa = PBXGroup;
			children = (
				2DF667BA1BFD0A5700A90451 /* UserCell.h */,
				2DF667BB1BFD0A5700A90451 /* UserCell.m */,
			);
			name = UserCell;
			sourceTree = "<group>";
		};
		90D637ADB82E93AA5CD0AA48 /* Frameworks */ = {
			isa = PBXGroup;
			children = (
				BF417B3C194F775D34C8C98F /* libPods-Chat.a */,
			);
			name = Frameworks;
			sourceTree = "<group>";
		};
		E220DF910B7062A1E8B8CD88 /* Pods */ = {
			isa = PBXGroup;
			children = (
				D33CFF9CF90FC6430B7B5534 /* Pods-Chat.debug.xcconfig */,
				E4CD1A893F317BF244129C76 /* Pods-Chat.release.xcconfig */,
			);
			name = Pods;
			sourceTree = "<group>";
		};
		FC19E3051C007917001B3351 /* UserFriendListVC */ = {
			isa = PBXGroup;
			children = (
				FC19E3061C007968001B3351 /* UserFriendListVC.h */,
				FC19E3071C007968001B3351 /* UserFriendListVC.m */,
			);
			name = UserFriendListVC;
			sourceTree = "<group>";
		};
		FC19E3091C009F84001B3351 /* UIButton+indexPath */ = {
			isa = PBXGroup;
			children = (
				FC19E30A1C00A018001B3351 /* UIButton+indexPath.h */,
				FC19E30B1C00A018001B3351 /* UIButton+indexPath.m */,
			);
			name = "UIButton+indexPath";
			sourceTree = "<group>";
		};
		FC57E4F51BF75FD900F77A72 /* FoundedUser */ = {
			isa = PBXGroup;
			children = (
				2DB5D8CD1BF9F0A9008BD41E /* AllFoundedUsers.h */,
				2DB5D8CE1BF9F0A9008BD41E /* AllFoundedUsers.m */,
			);
			name = FoundedUser;
			sourceTree = "<group>";
		};
		FCA045F41BF746E200A9ECD0 /* Model */ = {
			isa = PBXGroup;
			children = (
				2DB7049B1C07A43500054B8D /* Messages */,
				2D45856B1C05145600BBC0DB /* Dialogs */,
				2DF667B41BFD01EE00A90451 /* User */,
				2DF667AF1BFCFF9000A90451 /* Friends */,
				2DF667AB1BFCDA5B00A90451 /* UserProfile */,
				FC57E4F51BF75FD900F77A72 /* FoundedUser */,
				FCA98B0D1BF71A09000652CE /* UserInfo */,
			);
			name = Model;
			sourceTree = "<group>";
		};
		FCA1E0D41BE4AAFE00D6F934 /* RegistrationVC */ = {
			isa = PBXGroup;
			children = (
				FCA1E0D61BE4AB5C00D6F934 /* RegistrationVC.h */,
				FCA1E0D71BE4AB5C00D6F934 /* RegistrationVC.m */,
			);
			name = RegistrationVC;
			path = ..;
			sourceTree = "<group>";
		};
		FCA98B0D1BF71A09000652CE /* UserInfo */ = {
			isa = PBXGroup;
			children = (
			);
			name = UserInfo;
			sourceTree = "<group>";
		};
		FCB02F831C0993FE006AB707 /* SocketManager */ = {
			isa = PBXGroup;
			children = (
				FCB02F841C0994BC006AB707 /* SocketManager.h */,
				FCB02F851C0994BC006AB707 /* SocketManager.m */,
			);
			name = SocketManager;
			sourceTree = "<group>";
		};
		FCB53C261BDB69DA0035B38B /* MessageObject */ = {
			isa = PBXGroup;
			children = (
				FCB53C271BDB6A0D0035B38B /* MessageObject.h */,
				FCB53C281BDB6A0D0035B38B /* MessageObject.m */,
			);
			name = MessageObject;
			sourceTree = "<group>";
		};
		FCBE68721BEDDFEA00AAA0D6 /* MenuVC */ = {
			isa = PBXGroup;
			children = (
				FCBE68731BEDE09F00AAA0D6 /* MenuVC.h */,
				FCBE68741BEDE09F00AAA0D6 /* MenuVC.m */,
			);
			name = MenuVC;
			path = ..;
			sourceTree = "<group>";
		};
		FCBE68761BEDF1BB00AAA0D6 /* Navigation */ = {
			isa = PBXGroup;
			children = (
				FCB9EB821BF757CB0025920A /* MainNavigation.h */,
				FCB9EB831BF757CB0025920A /* MainNavigation.m */,
			);
			name = Navigation;
			path = ..;
			sourceTree = "<group>";
		};
		FCBE687E1BEE112400AAA0D6 /* LeftMenuVC */ = {
			isa = PBXGroup;
			children = (
				FCBE68801BEE117100AAA0D6 /* LeftMenuVC.h */,
				FCBE68811BEE117100AAA0D6 /* LeftMenuVC.m */,
			);
			name = LeftMenuVC;
			path = ..;
			sourceTree = "<group>";
		};
		FCBE68831BEE161D00AAA0D6 /* FriendsVC */ = {
			isa = PBXGroup;
			children = (
				FCBE68841BEE169D00AAA0D6 /* FriendsVC.h */,
				FCBE68851BEE169D00AAA0D6 /* FriendsVC.m */,
			);
			name = FriendsVC;
			path = ..;
			sourceTree = "<group>";
		};
		FCECFA8D1BE4B1C300B7B714 /* MainVC */ = {
			isa = PBXGroup;
			children = (
				FCECFA8E1BE4B1E000B7B714 /* MainVC.h */,
				FCECFA8F1BE4B1E000B7B714 /* MainVC.m */,
			);
			name = MainVC;
			sourceTree = "<group>";
		};
		FCECFA911BE4B7F000B7B714 /* ChatDatePicker */ = {
			isa = PBXGroup;
			children = (
				FCECFA921BE4B82800B7B714 /* ChatDatePicker.h */,
				FCECFA931BE4B82800B7B714 /* ChatDatePicker.m */,
				FCB53C2B1BDBA86B0035B38B /* ChatDatePicker.xib */,
			);
			name = ChatDatePicker;
			sourceTree = "<group>";
		};
/* End PBXGroup section */

/* Begin PBXNativeTarget section */
		2DEC77131BCA62CE00C5F8E6 /* Chat */ = {
			isa = PBXNativeTarget;
			buildConfigurationList = 2DEC77411BCA62CE00C5F8E6 /* Build configuration list for PBXNativeTarget "Chat" */;
			buildPhases = (
				89A4E53D2B667363E99DE9DC /* Check Pods Manifest.lock */,
				2DEC77101BCA62CE00C5F8E6 /* Sources */,
				2DEC77111BCA62CE00C5F8E6 /* Frameworks */,
				2DEC77121BCA62CE00C5F8E6 /* Resources */,
				F96F61B5416B851096872476 /* Copy Pods Resources */,
			);
			buildRules = (
			);
			dependencies = (
			);
			name = Chat;
			productName = Chat;
			productReference = 2DEC77141BCA62CE00C5F8E6 /* Chat.app */;
			productType = "com.apple.product-type.application";
		};
		2DEC772C1BCA62CE00C5F8E6 /* ChatTests */ = {
			isa = PBXNativeTarget;
			buildConfigurationList = 2DEC77441BCA62CE00C5F8E6 /* Build configuration list for PBXNativeTarget "ChatTests" */;
			buildPhases = (
				2DEC77291BCA62CE00C5F8E6 /* Sources */,
				2DEC772A1BCA62CE00C5F8E6 /* Frameworks */,
				2DEC772B1BCA62CE00C5F8E6 /* Resources */,
			);
			buildRules = (
			);
			dependencies = (
				2DEC772F1BCA62CE00C5F8E6 /* PBXTargetDependency */,
			);
			name = ChatTests;
			productName = ChatTests;
			productReference = 2DEC772D1BCA62CE00C5F8E6 /* ChatTests.xctest */;
			productType = "com.apple.product-type.bundle.unit-test";
		};
		2DEC77371BCA62CE00C5F8E6 /* ChatUITests */ = {
			isa = PBXNativeTarget;
			buildConfigurationList = 2DEC77471BCA62CE00C5F8E6 /* Build configuration list for PBXNativeTarget "ChatUITests" */;
			buildPhases = (
				2DEC77341BCA62CE00C5F8E6 /* Sources */,
				2DEC77351BCA62CE00C5F8E6 /* Frameworks */,
				2DEC77361BCA62CE00C5F8E6 /* Resources */,
			);
			buildRules = (
			);
			dependencies = (
				2DEC773A1BCA62CE00C5F8E6 /* PBXTargetDependency */,
			);
			name = ChatUITests;
			productName = ChatUITests;
			productReference = 2DEC77381BCA62CE00C5F8E6 /* ChatUITests.xctest */;
			productType = "com.apple.product-type.bundle.ui-testing";
		};
/* End PBXNativeTarget section */

/* Begin PBXProject section */
		2DEC770C1BCA62CE00C5F8E6 /* Project object */ = {
			isa = PBXProject;
			attributes = {
				LastUpgradeCheck = 0700;
				ORGANIZATIONNAME = Maks;
				TargetAttributes = {
					2DEC77131BCA62CE00C5F8E6 = {
						CreatedOnToolsVersion = 7.0.1;
						DevelopmentTeam = 83W7NX69M8;
					};
					2DEC772C1BCA62CE00C5F8E6 = {
						CreatedOnToolsVersion = 7.0.1;
						DevelopmentTeam = 83W7NX69M8;
						TestTargetID = 2DEC77131BCA62CE00C5F8E6;
					};
					2DEC77371BCA62CE00C5F8E6 = {
						CreatedOnToolsVersion = 7.0.1;
						DevelopmentTeam = 83W7NX69M8;
						TestTargetID = 2DEC77131BCA62CE00C5F8E6;
					};
				};
			};
			buildConfigurationList = 2DEC770F1BCA62CE00C5F8E6 /* Build configuration list for PBXProject "Chat" */;
			compatibilityVersion = "Xcode 3.2";
			developmentRegion = English;
			hasScannedForEncodings = 0;
			knownRegions = (
				en,
				Base,
			);
			mainGroup = 2DEC770B1BCA62CE00C5F8E6;
			productRefGroup = 2DEC77151BCA62CE00C5F8E6 /* Products */;
			projectDirPath = "";
			projectRoot = "";
			targets = (
				2DEC77131BCA62CE00C5F8E6 /* Chat */,
				2DEC772C1BCA62CE00C5F8E6 /* ChatTests */,
				2DEC77371BCA62CE00C5F8E6 /* ChatUITests */,
			);
		};
/* End PBXProject section */

/* Begin PBXResourcesBuildPhase section */
		2DEC77121BCA62CE00C5F8E6 /* Resources */ = {
			isa = PBXResourcesBuildPhase;
			buildActionMask = 2147483647;
			files = (
				2DEC77271BCA62CE00C5F8E6 /* LaunchScreen.storyboard in Resources */,
				2D6C82C61BEBEBD900304EFA /* FamilyStatusPicker.xib in Resources */,
				2DEC77241BCA62CE00C5F8E6 /* Assets.xcassets in Resources */,
				FCB53C2C1BDBA86B0035B38B /* ChatDatePicker.xib in Resources */,
				2D6C82C01BEBD52000304EFA /* noUser.jpg in Resources */,
				2D4322BD1BE8FD7D00E9B2EE /* Main.storyboard in Resources */,
				2D45CE311BECEEED006B9021 /* testImage.jpg in Resources */,
				2D8426D91C05ABFF00AD5E98 /* SendMessageForm.xib in Resources */,
			);
			runOnlyForDeploymentPostprocessing = 0;
		};
		2DEC772B1BCA62CE00C5F8E6 /* Resources */ = {
			isa = PBXResourcesBuildPhase;
			buildActionMask = 2147483647;
			files = (
			);
			runOnlyForDeploymentPostprocessing = 0;
		};
		2DEC77361BCA62CE00C5F8E6 /* Resources */ = {
			isa = PBXResourcesBuildPhase;
			buildActionMask = 2147483647;
			files = (
			);
			runOnlyForDeploymentPostprocessing = 0;
		};
/* End PBXResourcesBuildPhase section */

/* Begin PBXShellScriptBuildPhase section */
		89A4E53D2B667363E99DE9DC /* Check Pods Manifest.lock */ = {
			isa = PBXShellScriptBuildPhase;
			buildActionMask = 2147483647;
			files = (
			);
			inputPaths = (
			);
			name = "Check Pods Manifest.lock";
			outputPaths = (
			);
			runOnlyForDeploymentPostprocessing = 0;
			shellPath = /bin/sh;
			shellScript = "diff \"${PODS_ROOT}/../Podfile.lock\" \"${PODS_ROOT}/Manifest.lock\" > /dev/null\nif [[ $? != 0 ]] ; then\n    cat << EOM\nerror: The sandbox is not in sync with the Podfile.lock. Run 'pod install' or update your CocoaPods installation.\nEOM\n    exit 1\nfi\n";
			showEnvVarsInLog = 0;
		};
		F96F61B5416B851096872476 /* Copy Pods Resources */ = {
			isa = PBXShellScriptBuildPhase;
			buildActionMask = 2147483647;
			files = (
			);
			inputPaths = (
			);
			name = "Copy Pods Resources";
			outputPaths = (
			);
			runOnlyForDeploymentPostprocessing = 0;
			shellPath = /bin/sh;
			shellScript = "\"${SRCROOT}/Pods/Target Support Files/Pods-Chat/Pods-Chat-resources.sh\"\n";
			showEnvVarsInLog = 0;
		};
/* End PBXShellScriptBuildPhase section */

/* Begin PBXSourcesBuildPhase section */
		2DEC77101BCA62CE00C5F8E6 /* Sources */ = {
			isa = PBXSourcesBuildPhase;
			buildActionMask = 2147483647;
			files = (
				2D45856E1C0514A500BBC0DB /* Dialogs.m in Sources */,
				FCA1E0D81BE4AB5C00D6F934 /* RegistrationVC.m in Sources */,
				FCECFA941BE4B82800B7B714 /* ChatDatePicker.m in Sources */,
				2D7CF08D1BF6967A00C48015 /* NSObject+Extension.m in Sources */,
				FC19E30C1C00A018001B3351 /* UIButton+indexPath.m in Sources */,
				2DF667BC1BFD0A5700A90451 /* UserCell.m in Sources */,
				2DF667AE1BFCDA9200A90451 /* UserProfile.m in Sources */,
				FCB02F861C0994BC006AB707 /* SocketManager.m in Sources */,
				2D8426DC1C05B0ED00AD5E98 /* SendMessageForm.m in Sources */,
				FCB53C291BDB6A0D0035B38B /* MessageObject.m in Sources */,
				2D6C82C41BEBEBC000304EFA /* FamilyStatusPicker.m in Sources */,
				2DEC771F1BCA62CE00C5F8E6 /* DialogVC.m in Sources */,
				2DB72FC31BEA93810014B34F /* AlertFactory.m in Sources */,
				FCECFA901BE4B1E000B7B714 /* MainVC.m in Sources */,
				2DEC771C1BCA62CE00C5F8E6 /* AppDelegate.m in Sources */,
				2D229ED51BF50A5000D8A307 /* APIRequestManager.m in Sources */,
				2DA3AD5F1C07204F00FEDA2B /* DialogCell.m in Sources */,
				FCBE68821BEE117100AAA0D6 /* LeftMenuVC.m in Sources */,
				2DB5D8CF1BF9F0A9008BD41E /* AllFoundedUsers.m in Sources */,
				2DB7049F1C07A46600054B8D /* Messages.m in Sources */,
				2DF667B31BFCFFE200A90451 /* Friends.m in Sources */,
				2DB5D8D41BFA01D1008BD41E /* SearchFriendCell.m in Sources */,
				2D7CF0891BF68E4300C48015 /* AuthorizeManager.m in Sources */,
				FCBE68751BEDE09F00AAA0D6 /* MenuVC.m in Sources */,
				FCB53C251BDB5F3A0035B38B /* ChatCell.m in Sources */,
				FCB9EB841BF757CB0025920A /* MainNavigation.m in Sources */,
				FC19E3081C007968001B3351 /* UserFriendListVC.m in Sources */,
				2D4322BA1BE8BEC200E9B2EE /* MyInfoVC.m in Sources */,
				FCBE68861BEE169D00AAA0D6 /* FriendsVC.m in Sources */,
				2DEC77191BCA62CE00C5F8E6 /* main.m in Sources */,
				2DCA1DD21BE7DE3000E74877 /* HTTPManager.m in Sources */,
				2D98D1D81BFBC05F00B8F207 /* UserProfileVC.m in Sources */,
				FC57E4F81BF7609B00F77A72 /* User.m in Sources */,
				2D45856A1C050AC600BBC0DB /* DialogsListVC.m in Sources */,
				2DC114D91BE42C3B00EC5854 /* ChatValidator.m in Sources */,
				2DC1468A1BEB7015002188F7 /* UIImage+Placeholder.m in Sources */,
				2DB72FC71BEAB4F20014B34F /* MyProfileEditVC.m in Sources */,
			);
			runOnlyForDeploymentPostprocessing = 0;
		};
		2DEC77291BCA62CE00C5F8E6 /* Sources */ = {
			isa = PBXSourcesBuildPhase;
			buildActionMask = 2147483647;
			files = (
				2DEC77321BCA62CE00C5F8E6 /* ChatTests.m in Sources */,
			);
			runOnlyForDeploymentPostprocessing = 0;
		};
		2DEC77341BCA62CE00C5F8E6 /* Sources */ = {
			isa = PBXSourcesBuildPhase;
			buildActionMask = 2147483647;
			files = (
				2DEC773D1BCA62CE00C5F8E6 /* ChatUITests.m in Sources */,
			);
			runOnlyForDeploymentPostprocessing = 0;
		};
/* End PBXSourcesBuildPhase section */

/* Begin PBXTargetDependency section */
		2DEC772F1BCA62CE00C5F8E6 /* PBXTargetDependency */ = {
			isa = PBXTargetDependency;
			target = 2DEC77131BCA62CE00C5F8E6 /* Chat */;
			targetProxy = 2DEC772E1BCA62CE00C5F8E6 /* PBXContainerItemProxy */;
		};
		2DEC773A1BCA62CE00C5F8E6 /* PBXTargetDependency */ = {
			isa = PBXTargetDependency;
			target = 2DEC77131BCA62CE00C5F8E6 /* Chat */;
			targetProxy = 2DEC77391BCA62CE00C5F8E6 /* PBXContainerItemProxy */;
		};
/* End PBXTargetDependency section */

/* Begin PBXVariantGroup section */
		2D4322BB1BE8FD7D00E9B2EE /* Main.storyboard */ = {
			isa = PBXVariantGroup;
			children = (
				2D4322BC1BE8FD7D00E9B2EE /* Base */,
			);
			name = Main.storyboard;
			sourceTree = "<group>";
		};
		2DEC77251BCA62CE00C5F8E6 /* LaunchScreen.storyboard */ = {
			isa = PBXVariantGroup;
			children = (
				2DEC77261BCA62CE00C5F8E6 /* Base */,
			);
			name = LaunchScreen.storyboard;
			sourceTree = "<group>";
		};
/* End PBXVariantGroup section */

/* Begin XCBuildConfiguration section */
		2DEC773F1BCA62CE00C5F8E6 /* Debug */ = {
			isa = XCBuildConfiguration;
			buildSettings = {
				ALWAYS_SEARCH_USER_PATHS = NO;
				CLANG_CXX_LANGUAGE_STANDARD = "gnu++0x";
				CLANG_CXX_LIBRARY = "libc++";
				CLANG_ENABLE_MODULES = YES;
				CLANG_ENABLE_OBJC_ARC = YES;
				CLANG_WARN_BOOL_CONVERSION = YES;
				CLANG_WARN_CONSTANT_CONVERSION = YES;
				CLANG_WARN_DIRECT_OBJC_ISA_USAGE = YES_ERROR;
				CLANG_WARN_EMPTY_BODY = YES;
				CLANG_WARN_ENUM_CONVERSION = YES;
				CLANG_WARN_INT_CONVERSION = YES;
				CLANG_WARN_OBJC_ROOT_CLASS = YES_ERROR;
				CLANG_WARN_UNREACHABLE_CODE = YES;
				CLANG_WARN__DUPLICATE_METHOD_MATCH = YES;
				"CODE_SIGN_IDENTITY[sdk=iphoneos*]" = "iPhone Developer";
				COPY_PHASE_STRIP = NO;
				DEBUG_INFORMATION_FORMAT = dwarf;
				ENABLE_STRICT_OBJC_MSGSEND = YES;
				ENABLE_TESTABILITY = YES;
				GCC_C_LANGUAGE_STANDARD = gnu99;
				GCC_DYNAMIC_NO_PIC = NO;
				GCC_NO_COMMON_BLOCKS = YES;
				GCC_OPTIMIZATION_LEVEL = 0;
				GCC_PREPROCESSOR_DEFINITIONS = (
					"DEBUG=1",
					"$(inherited)",
				);
				GCC_WARN_64_TO_32_BIT_CONVERSION = YES;
				GCC_WARN_ABOUT_RETURN_TYPE = YES_ERROR;
				GCC_WARN_UNDECLARED_SELECTOR = YES;
				GCC_WARN_UNINITIALIZED_AUTOS = YES_AGGRESSIVE;
				GCC_WARN_UNUSED_FUNCTION = YES;
				GCC_WARN_UNUSED_VARIABLE = YES;
				IPHONEOS_DEPLOYMENT_TARGET = 9.0;
				MTL_ENABLE_DEBUG_INFO = YES;
				ONLY_ACTIVE_ARCH = YES;
				SDKROOT = iphoneos;
			};
			name = Debug;
		};
		2DEC77401BCA62CE00C5F8E6 /* Release */ = {
			isa = XCBuildConfiguration;
			buildSettings = {
				ALWAYS_SEARCH_USER_PATHS = NO;
				CLANG_CXX_LANGUAGE_STANDARD = "gnu++0x";
				CLANG_CXX_LIBRARY = "libc++";
				CLANG_ENABLE_MODULES = YES;
				CLANG_ENABLE_OBJC_ARC = YES;
				CLANG_WARN_BOOL_CONVERSION = YES;
				CLANG_WARN_CONSTANT_CONVERSION = YES;
				CLANG_WARN_DIRECT_OBJC_ISA_USAGE = YES_ERROR;
				CLANG_WARN_EMPTY_BODY = YES;
				CLANG_WARN_ENUM_CONVERSION = YES;
				CLANG_WARN_INT_CONVERSION = YES;
				CLANG_WARN_OBJC_ROOT_CLASS = YES_ERROR;
				CLANG_WARN_UNREACHABLE_CODE = YES;
				CLANG_WARN__DUPLICATE_METHOD_MATCH = YES;
				"CODE_SIGN_IDENTITY[sdk=iphoneos*]" = "iPhone Developer";
				COPY_PHASE_STRIP = NO;
				DEBUG_INFORMATION_FORMAT = "dwarf-with-dsym";
				ENABLE_NS_ASSERTIONS = NO;
				ENABLE_STRICT_OBJC_MSGSEND = YES;
				GCC_C_LANGUAGE_STANDARD = gnu99;
				GCC_NO_COMMON_BLOCKS = YES;
				GCC_WARN_64_TO_32_BIT_CONVERSION = YES;
				GCC_WARN_ABOUT_RETURN_TYPE = YES_ERROR;
				GCC_WARN_UNDECLARED_SELECTOR = YES;
				GCC_WARN_UNINITIALIZED_AUTOS = YES_AGGRESSIVE;
				GCC_WARN_UNUSED_FUNCTION = YES;
				GCC_WARN_UNUSED_VARIABLE = YES;
				IPHONEOS_DEPLOYMENT_TARGET = 9.0;
				MTL_ENABLE_DEBUG_INFO = NO;
				SDKROOT = iphoneos;
				VALIDATE_PRODUCT = YES;
			};
			name = Release;
		};
		2DEC77421BCA62CE00C5F8E6 /* Debug */ = {
			isa = XCBuildConfiguration;
			baseConfigurationReference = D33CFF9CF90FC6430B7B5534 /* Pods-Chat.debug.xcconfig */;
			buildSettings = {
				ASSETCATALOG_COMPILER_APPICON_NAME = AppIcon;
				CODE_SIGN_IDENTITY = "iPhone Developer";
				GCC_PREFIX_HEADER = "$(PROJECT)/PrefixHeader.pch";
				INFOPLIST_FILE = Chat/Info.plist;
				IPHONEOS_DEPLOYMENT_TARGET = 9.1;
				LD_RUNPATH_SEARCH_PATHS = "$(inherited) @executable_path/Frameworks";
				PRODUCT_BUNDLE_IDENTIFIER = Step.Chat;
				PRODUCT_NAME = "$(TARGET_NAME)";
			};
			name = Debug;
		};
		2DEC77431BCA62CE00C5F8E6 /* Release */ = {
			isa = XCBuildConfiguration;
			baseConfigurationReference = E4CD1A893F317BF244129C76 /* Pods-Chat.release.xcconfig */;
			buildSettings = {
				ASSETCATALOG_COMPILER_APPICON_NAME = AppIcon;
				CODE_SIGN_IDENTITY = "iPhone Developer";
				GCC_PREFIX_HEADER = "$(PROJECT)/PrefixHeader.pch";
				INFOPLIST_FILE = Chat/Info.plist;
				IPHONEOS_DEPLOYMENT_TARGET = 9.1;
				LD_RUNPATH_SEARCH_PATHS = "$(inherited) @executable_path/Frameworks";
				PRODUCT_BUNDLE_IDENTIFIER = Step.Chat;
				PRODUCT_NAME = "$(TARGET_NAME)";
			};
			name = Release;
		};
		2DEC77451BCA62CE00C5F8E6 /* Debug */ = {
			isa = XCBuildConfiguration;
			buildSettings = {
				BUNDLE_LOADER = "$(TEST_HOST)";
				INFOPLIST_FILE = ChatTests/Info.plist;
				LD_RUNPATH_SEARCH_PATHS = "$(inherited) @executable_path/Frameworks @loader_path/Frameworks";
				PRODUCT_BUNDLE_IDENTIFIER = Step.ChatTests;
				PRODUCT_NAME = "$(TARGET_NAME)";
				TEST_HOST = "$(BUILT_PRODUCTS_DIR)/Chat.app/Chat";
			};
			name = Debug;
		};
		2DEC77461BCA62CE00C5F8E6 /* Release */ = {
			isa = XCBuildConfiguration;
			buildSettings = {
				BUNDLE_LOADER = "$(TEST_HOST)";
				INFOPLIST_FILE = ChatTests/Info.plist;
				LD_RUNPATH_SEARCH_PATHS = "$(inherited) @executable_path/Frameworks @loader_path/Frameworks";
				PRODUCT_BUNDLE_IDENTIFIER = Step.ChatTests;
				PRODUCT_NAME = "$(TARGET_NAME)";
				TEST_HOST = "$(BUILT_PRODUCTS_DIR)/Chat.app/Chat";
			};
			name = Release;
		};
		2DEC77481BCA62CE00C5F8E6 /* Debug */ = {
			isa = XCBuildConfiguration;
			buildSettings = {
				INFOPLIST_FILE = ChatUITests/Info.plist;
				LD_RUNPATH_SEARCH_PATHS = "$(inherited) @executable_path/Frameworks @loader_path/Frameworks";
				PRODUCT_BUNDLE_IDENTIFIER = Step.ChatUITests;
				PRODUCT_NAME = "$(TARGET_NAME)";
				TEST_TARGET_NAME = Chat;
				USES_XCTRUNNER = YES;
			};
			name = Debug;
		};
		2DEC77491BCA62CE00C5F8E6 /* Release */ = {
			isa = XCBuildConfiguration;
			buildSettings = {
				INFOPLIST_FILE = ChatUITests/Info.plist;
				LD_RUNPATH_SEARCH_PATHS = "$(inherited) @executable_path/Frameworks @loader_path/Frameworks";
				PRODUCT_BUNDLE_IDENTIFIER = Step.ChatUITests;
				PRODUCT_NAME = "$(TARGET_NAME)";
				TEST_TARGET_NAME = Chat;
				USES_XCTRUNNER = YES;
			};
			name = Release;
		};
/* End XCBuildConfiguration section */

/* Begin XCConfigurationList section */
		2DEC770F1BCA62CE00C5F8E6 /* Build configuration list for PBXProject "Chat" */ = {
			isa = XCConfigurationList;
			buildConfigurations = (
				2DEC773F1BCA62CE00C5F8E6 /* Debug */,
				2DEC77401BCA62CE00C5F8E6 /* Release */,
			);
			defaultConfigurationIsVisible = 0;
			defaultConfigurationName = Release;
		};
		2DEC77411BCA62CE00C5F8E6 /* Build configuration list for PBXNativeTarget "Chat" */ = {
			isa = XCConfigurationList;
			buildConfigurations = (
				2DEC77421BCA62CE00C5F8E6 /* Debug */,
				2DEC77431BCA62CE00C5F8E6 /* Release */,
			);
			defaultConfigurationIsVisible = 0;
			defaultConfigurationName = Release;
		};
		2DEC77441BCA62CE00C5F8E6 /* Build configuration list for PBXNativeTarget "ChatTests" */ = {
			isa = XCConfigurationList;
			buildConfigurations = (
				2DEC77451BCA62CE00C5F8E6 /* Debug */,
				2DEC77461BCA62CE00C5F8E6 /* Release */,
			);
			defaultConfigurationIsVisible = 0;
			defaultConfigurationName = Release;
		};
		2DEC77471BCA62CE00C5F8E6 /* Build configuration list for PBXNativeTarget "ChatUITests" */ = {
			isa = XCConfigurationList;
			buildConfigurations = (
				2DEC77481BCA62CE00C5F8E6 /* Debug */,
				2DEC77491BCA62CE00C5F8E6 /* Release */,
			);
			defaultConfigurationIsVisible = 0;
			defaultConfigurationName = Release;
		};
/* End XCConfigurationList section */
	};
	rootObject = 2DEC770C1BCA62CE00C5F8E6 /* Project object */;
}
